
Microsoft Visual Studio Solution File, Format Version 12.00
# Visual Studio Version 17
VisualStudioVersion = 17.7.34221.43
MinimumVisualStudioVersion = 10.0.40219.1
Project("{FAE04EC0-301F-11D3-BF4B-00C04F79EFBC}") = "ProcessingDataUtility", "ProcessingDataUtility\ProcessingDataUtility.csproj", "{309E3604-AE02-48A6-B2E4-2359B1B7202D}"
EndProject
Global
	GlobalSection(SolutionConfigurationPlatforms) = preSolution
		Debug|Any CPU = Debug|Any CPU
		Release|Any CPU = Release|Any CPU
	EndGlobalSection
	GlobalSection(ProjectConfigurationPlatforms) = postSolution
		{309E3604-AE02-48A6-B2E4-2359B1B7202D}.Debug|Any CPU.ActiveCfg = Debug|Any CPU
		{309E3604-AE02-48A6-B2E4-2359B1B7202D}.Debug|Any CPU.Build.0 = Debug|Any CPU
		{309E3604-AE02-48A6-B2E4-2359B1B7202D}.Release|Any CPU.ActiveCfg = Release|Any CPU
		{309E3604-AE02-48A6-B2E4-2359B1B7202D}.Release|Any CPU.Build.0 = Release|Any CPU
	EndGlobalSection
	GlobalSection(SolutionProperties) = preSolution
		HideSolutionNode = FALSE
	EndGlobalSection
	GlobalSection(ExtensibilityGlobals) = postSolution
		SolutionGuid = {143484DC-6E3A-4DB4-BBB5-8A12033486F1}
	EndGlobalSection
EndGlobal
